// !$*UTF8*$!
{
	archiveVersion = 1;
	classes = {
	};
	objectVersion = 48;
	objects = {

/* Begin PBXBuildFile section */
		4B454FBE2003660400FDD81D /* AppDelegate.m in Sources */ = {isa = PBXBuildFile; fileRef = 4B454FBD2003660400FDD81D /* AppDelegate.m */; };
		4B454FC12003660400FDD81D /* ViewController.m in Sources */ = {isa = PBXBuildFile; fileRef = 4B454FC02003660400FDD81D /* ViewController.m */; };
		4B454FC42003660400FDD81D /* Main.storyboard in Resources */ = {isa = PBXBuildFile; fileRef = 4B454FC22003660400FDD81D /* Main.storyboard */; };
		4B454FC62003660400FDD81D /* Assets.xcassets in Resources */ = {isa = PBXBuildFile; fileRef = 4B454FC52003660400FDD81D /* Assets.xcassets */; };
		4B454FC92003660400FDD81D /* LaunchScreen.storyboard in Resources */ = {isa = PBXBuildFile; fileRef = 4B454FC72003660400FDD81D /* LaunchScreen.storyboard */; };
		4B454FCC2003660400FDD81D /* main.m in Sources */ = {isa = PBXBuildFile; fileRef = 4B454FCB2003660400FDD81D /* main.m */; };
		4B454FD62003660500FDD81D /* RACDemoTestTests.m in Sources */ = {isa = PBXBuildFile; fileRef = 4B454FD52003660500FDD81D /* RACDemoTestTests.m */; };
		4B454FE12003660500FDD81D /* RACDemoTestUITests.m in Sources */ = {isa = PBXBuildFile; fileRef = 4B454FE02003660500FDD81D /* RACDemoTestUITests.m */; };
		4B454FF020036C2B00FDD81D /* TestModel.m in Sources */ = {isa = PBXBuildFile; fileRef = 4B454FEF20036C2B00FDD81D /* TestModel.m */; };
		4B454FF32004642B00FDD81D /* SecondViewController.m in Sources */ = {isa = PBXBuildFile; fileRef = 4B454FF22004642B00FDD81D /* SecondViewController.m */; };
		4B454FF62004A64200FDD81D /* FirstView.m in Sources */ = {isa = PBXBuildFile; fileRef = 4B454FF52004A64200FDD81D /* FirstView.m */; };
		CF9C82AB4AF8391463156FB4 /* libPods-RACDemoTest.a in Frameworks */ = {isa = PBXBuildFile; fileRef = A3C8825864232AEF2D6AD0D5 /* libPods-RACDemoTest.a */; };
/* End PBXBuildFile section */

/* Begin PBXContainerItemProxy section */
		4B454FD22003660500FDD81D /* PBXContainerItemProxy */ = {
			isa = PBXContainerItemProxy;
			containerPortal = 4B454FB12003660400FDD81D /* Project object */;
			proxyType = 1;
			remoteGlobalIDString = 4B454FB82003660400FDD81D;
			remoteInfo = RACDemoTest;
		};
		4B454FDD2003660500FDD81D /* PBXContainerItemProxy */ = {
			isa = PBXContainerItemProxy;
			containerPortal = 4B454FB12003660400FDD81D /* Project object */;
			proxyType = 1;
			remoteGlobalIDString = 4B454FB82003660400FDD81D;
			remoteInfo = RACDemoTest;
		};
/* End PBXContainerItemProxy section */

/* Begin PBXFileReference section */
		4B454FB92003660400FDD81D /* RACDemoTest.app */ = {isa = PBXFileReference; explicitFileType = wrapper.application; includeInIndex = 0; path = RACDemoTest.app; sourceTree = BUILT_PRODUCTS_DIR; };
		4B454FBC2003660400FDD81D /* AppDelegate.h */ = {isa = PBXFileReference; lastKnownFileType = sourcecode.c.h; path = AppDelegate.h; sourceTree = "<group>"; };
		4B454FBD2003660400FDD81D /* AppDelegate.m */ = {isa = PBXFileReference; lastKnownFileType = sourcecode.c.objc; path = AppDelegate.m; sourceTree = "<group>"; };
		4B454FBF2003660400FDD81D /* ViewController.h */ = {isa = PBXFileReference; lastKnownFileType = sourcecode.c.h; path = ViewController.h; sourceTree = "<group>"; };
		4B454FC02003660400FDD81D /* ViewController.m */ = {isa = PBXFileReference; lastKnownFileType = sourcecode.c.objc; path = ViewController.m; sourceTree = "<group>"; };
		4B454FC32003660400FDD81D /* Base */ = {isa = PBXFileReference; lastKnownFileType = file.storyboard; name = Base; path = Base.lproj/Main.storyboard; sourceTree = "<group>"; };
		4B454FC52003660400FDD81D /* Assets.xcassets */ = {isa = PBXFileReference; lastKnownFileType = folder.assetcatalog; path = Assets.xcassets; sourceTree = "<group>"; };
		4B454FC82003660400FDD81D /* Base */ = {isa = PBXFileReference; lastKnownFileType = file.storyboard; name = Base; path = Base.lproj/LaunchScreen.storyboard; sourceTree = "<group>"; };
		4B454FCA2003660400FDD81D /* Info.plist */ = {isa = PBXFileReference; lastKnownFileType = text.plist.xml; path = Info.plist; sourceTree = "<group>"; };
		4B454FCB2003660400FDD81D /* main.m */ = {isa = PBXFileReference; lastKnownFileType = sourcecode.c.objc; path = main.m; sourceTree = "<group>"; };
		4B454FD12003660500FDD81D /* RACDemoTestTests.xctest */ = {isa = PBXFileReference; explicitFileType = wrapper.cfbundle; includeInIndex = 0; path = RACDemoTestTests.xctest; sourceTree = BUILT_PRODUCTS_DIR; };
		4B454FD52003660500FDD81D /* RACDemoTestTests.m */ = {isa = PBXFileReference; lastKnownFileType = sourcecode.c.objc; path = RACDemoTestTests.m; sourceTree = "<group>"; };
		4B454FD72003660500FDD81D /* Info.plist */ = {isa = PBXFileReference; lastKnownFileType = text.plist.xml; path = Info.plist; sourceTree = "<group>"; };
		4B454FDC2003660500FDD81D /* RACDemoTestUITests.xctest */ = {isa = PBXFileReference; explicitFileType = wrapper.cfbundle; includeInIndex = 0; path = RACDemoTestUITests.xctest; sourceTree = BUILT_PRODUCTS_DIR; };
		4B454FE02003660500FDD81D /* RACDemoTestUITests.m */ = {isa = PBXFileReference; lastKnownFileType = sourcecode.c.objc; path = RACDemoTestUITests.m; sourceTree = "<group>"; };
		4B454FE22003660500FDD81D /* Info.plist */ = {isa = PBXFileReference; lastKnownFileType = text.plist.xml; path = Info.plist; sourceTree = "<group>"; };
		4B454FEE20036C2B00FDD81D /* TestModel.h */ = {isa = PBXFileReference; lastKnownFileType = sourcecode.c.h; path = TestModel.h; sourceTree = "<group>"; };
		4B454FEF20036C2B00FDD81D /* TestModel.m */ = {isa = PBXFileReference; lastKnownFileType = sourcecode.c.objc; path = TestModel.m; sourceTree = "<group>"; };
		4B454FF12004642B00FDD81D /* SecondViewController.h */ = {isa = PBXFileReference; lastKnownFileType = sourcecode.c.h; path = SecondViewController.h; sourceTree = "<group>"; };
		4B454FF22004642B00FDD81D /* SecondViewController.m */ = {isa = PBXFileReference; lastKnownFileType = sourcecode.c.objc; path = SecondViewController.m; sourceTree = "<group>"; };
		4B454FF42004A64200FDD81D /* FirstView.h */ = {isa = PBXFileReference; lastKnownFileType = sourcecode.c.h; path = FirstView.h; sourceTree = "<group>"; };
		4B454FF52004A64200FDD81D /* FirstView.m */ = {isa = PBXFileReference; lastKnownFileType = sourcecode.c.objc; path = FirstView.m; sourceTree = "<group>"; };
		A3C8825864232AEF2D6AD0D5 /* libPods-RACDemoTest.a */ = {isa = PBXFileReference; explicitFileType = archive.ar; includeInIndex = 0; path = "libPods-RACDemoTest.a"; sourceTree = BUILT_PRODUCTS_DIR; };
		B3A1577D549632F80C16535F /* Pods-RACDemoTest.debug.xcconfig */ = {isa = PBXFileReference; includeInIndex = 1; lastKnownFileType = text.xcconfig; name = "Pods-RACDemoTest.debug.xcconfig"; path = "Pods/Target Support Files/Pods-RACDemoTest/Pods-RACDemoTest.debug.xcconfig"; sourceTree = "<group>"; };
		F9927A3A085ACE7773FBB4DB /* Pods-RACDemoTest.release.xcconfig */ = {isa = PBXFileReference; includeInIndex = 1; lastKnownFileType = text.xcconfig; name = "Pods-RACDemoTest.release.xcconfig"; path = "Pods/Target Support Files/Pods-RACDemoTest/Pods-RACDemoTest.release.xcconfig"; sourceTree = "<group>"; };
/* End PBXFileReference section */

/* Begin PBXFrameworksBuildPhase section */
		4B454FB62003660400FDD81D /* Frameworks */ = {
			isa = PBXFrameworksBuildPhase;
			buildActionMask = 2147483647;
			files = (
				CF9C82AB4AF8391463156FB4 /* libPods-RACDemoTest.a in Frameworks */,
			);
			runOnlyForDeploymentPostprocessing = 0;
		};
		4B454FCE2003660500FDD81D /* Frameworks */ = {
			isa = PBXFrameworksBuildPhase;
			buildActionMask = 2147483647;
			files = (
			);
			runOnlyForDeploymentPostprocessing = 0;
		};
		4B454FD92003660500FDD81D /* Frameworks */ = {
			isa = PBXFrameworksBuildPhase;
			buildActionMask = 2147483647;
			files = (
			);
			runOnlyForDeploymentPostprocessing = 0;
		};
/* End PBXFrameworksBuildPhase section */

/* Begin PBXGroup section */
		29578BB856E06639B6A23039 /* Pods */ = {
			isa = PBXGroup;
			children = (
				B3A1577D549632F80C16535F /* Pods-RACDemoTest.debug.xcconfig */,
				F9927A3A085ACE7773FBB4DB /* Pods-RACDemoTest.release.xcconfig */,
			);
			name = Pods;
			sourceTree = "<group>";
		};
		4B454FB02003660400FDD81D = {
			isa = PBXGroup;
			children = (
				4B454FBB2003660400FDD81D /* RACDemoTest */,
				4B454FD42003660500FDD81D /* RACDemoTestTests */,
				4B454FDF2003660500FDD81D /* RACDemoTestUITests */,
				4B454FBA2003660400FDD81D /* Products */,
				29578BB856E06639B6A23039 /* Pods */,
				9EB58F840D70CD388BB2BD13 /* Frameworks */,
			);
			sourceTree = "<group>";
		};
		4B454FBA2003660400FDD81D /* Products */ = {
			isa = PBXGroup;
			children = (
				4B454FB92003660400FDD81D /* RACDemoTest.app */,
				4B454FD12003660500FDD81D /* RACDemoTestTests.xctest */,
				4B454FDC2003660500FDD81D /* RACDemoTestUITests.xctest */,
			);
			name = Products;
			sourceTree = "<group>";
		};
		4B454FBB2003660400FDD81D /* RACDemoTest */ = {
			isa = PBXGroup;
			children = (
				4B454FBC2003660400FDD81D /* AppDelegate.h */,
				4B454FBD2003660400FDD81D /* AppDelegate.m */,
				4B454FF42004A64200FDD81D /* FirstView.h */,
				4B454FF52004A64200FDD81D /* FirstView.m */,
				4B454FBF2003660400FDD81D /* ViewController.h */,
				4B454FC02003660400FDD81D /* ViewController.m */,
				4B454FF12004642B00FDD81D /* SecondViewController.h */,
				4B454FF22004642B00FDD81D /* SecondViewController.m */,
				4B454FEE20036C2B00FDD81D /* TestModel.h */,
				4B454FEF20036C2B00FDD81D /* TestModel.m */,
				4B454FC22003660400FDD81D /* Main.storyboard */,
				4B454FC52003660400FDD81D /* Assets.xcassets */,
				4B454FC72003660400FDD81D /* LaunchScreen.storyboard */,
				4B454FCA2003660400FDD81D /* Info.plist */,
				4B454FCB2003660400FDD81D /* main.m */,
			);
			path = RACDemoTest;
			sourceTree = "<group>";
		};
		4B454FD42003660500FDD81D /* RACDemoTestTests */ = {
			isa = PBXGroup;
			children = (
				4B454FD52003660500FDD81D /* RACDemoTestTests.m */,
				4B454FD72003660500FDD81D /* Info.plist */,
			);
			path = RACDemoTestTests;
			sourceTree = "<group>";
		};
		4B454FDF2003660500FDD81D /* RACDemoTestUITests */ = {
			isa = PBXGroup;
			children = (
				4B454FE02003660500FDD81D /* RACDemoTestUITests.m */,
				4B454FE22003660500FDD81D /* Info.plist */,
			);
			path = RACDemoTestUITests;
			sourceTree = "<group>";
		};
		9EB58F840D70CD388BB2BD13 /* Frameworks */ = {
			isa = PBXGroup;
			children = (
				A3C8825864232AEF2D6AD0D5 /* libPods-RACDemoTest.a */,
			);
			name = Frameworks;
			sourceTree = "<group>";
		};
/* End PBXGroup section */

/* Begin PBXNativeTarget section */
		4B454FB82003660400FDD81D /* RACDemoTest */ = {
			isa = PBXNativeTarget;
			buildConfigurationList = 4B454FE52003660500FDD81D /* Build configuration list for PBXNativeTarget "RACDemoTest" */;
			buildPhases = (
				CA825131ADDA364265DB31F6 /* [CP] Check Pods Manifest.lock */,
				4B454FB52003660400FDD81D /* Sources */,
				4B454FB62003660400FDD81D /* Frameworks */,
				4B454FB72003660400FDD81D /* Resources */,
				F522968D38C2969194FDAFB0 /* [CP] Embed Pods Frameworks */,
				5D0BAD8DFC584A8EF52B0B8E /* [CP] Copy Pods Resources */,
			);
			buildRules = (
			);
			dependencies = (
			);
			name = RACDemoTest;
			productName = RACDemoTest;
			productReference = 4B454FB92003660400FDD81D /* RACDemoTest.app */;
			productType = "com.apple.product-type.application";
		};
		4B454FD02003660500FDD81D /* RACDemoTestTests */ = {
			isa = PBXNativeTarget;
			buildConfigurationList = 4B454FE82003660500FDD81D /* Build configuration list for PBXNativeTarget "RACDemoTestTests" */;
			buildPhases = (
				4B454FCD2003660500FDD81D /* Sources */,
				4B454FCE2003660500FDD81D /* Frameworks */,
				4B454FCF2003660500FDD81D /* Resources */,
			);
			buildRules = (
			);
			dependencies = (
				4B454FD32003660500FDD81D /* PBXTargetDependency */,
			);
			name = RACDemoTestTests;
			productName = RACDemoTestTests;
			productReference = 4B454FD12003660500FDD81D /* RACDemoTestTests.xctest */;
			productType = "com.apple.product-type.bundle.unit-test";
		};
		4B454FDB2003660500FDD81D /* RACDemoTestUITests */ = {
			isa = PBXNativeTarget;
			buildConfigurationList = 4B454FEB2003660500FDD81D /* Build configuration list for PBXNativeTarget "RACDemoTestUITests" */;
			buildPhases = (
				4B454FD82003660500FDD81D /* Sources */,
				4B454FD92003660500FDD81D /* Frameworks */,
				4B454FDA2003660500FDD81D /* Resources */,
			);
			buildRules = (
			);
			dependencies = (
				4B454FDE2003660500FDD81D /* PBXTargetDependency */,
			);
			name = RACDemoTestUITests;
			productName = RACDemoTestUITests;
			productReference = 4B454FDC2003660500FDD81D /* RACDemoTestUITests.xctest */;
			productType = "com.apple.product-type.bundle.ui-testing";
		};
/* End PBXNativeTarget section */

/* Begin PBXProject section */
		4B454FB12003660400FDD81D /* Project object */ = {
			isa = PBXProject;
			attributes = {
				LastUpgradeCheck = 0920;
				ORGANIZATIONNAME = XIAOHUI;
				TargetAttributes = {
					4B454FB82003660400FDD81D = {
						CreatedOnToolsVersion = 9.2;
						ProvisioningStyle = Automatic;
					};
					4B454FD02003660500FDD81D = {
						CreatedOnToolsVersion = 9.2;
						ProvisioningStyle = Automatic;
						TestTargetID = 4B454FB82003660400FDD81D;
					};
					4B454FDB2003660500FDD81D = {
						CreatedOnToolsVersion = 9.2;
						ProvisioningStyle = Automatic;
						TestTargetID = 4B454FB82003660400FDD81D;
					};
				};
			};
			buildConfigurationList = 4B454FB42003660400FDD81D /* Build configuration list for PBXProject "RACDemoTest" */;
			compatibilityVersion = "Xcode 8.0";
			developmentRegion = en;
			hasScannedForEncodings = 0;
			knownRegions = (
				en,
				Base,
			);
			mainGroup = 4B454FB02003660400FDD81D;
			productRefGroup = 4B454FBA2003660400FDD81D /* Products */;
			projectDirPath = "";
			projectRoot = "";
			targets = (
				4B454FB82003660400FDD81D /* RACDemoTest */,
				4B454FD02003660500FDD81D /* RACDemoTestTests */,
				4B454FDB2003660500FDD81D /* RACDemoTestUITests */,
			);
		};
/* End PBXProject section */

/* Begin PBXResourcesBuildPhase section */
		4B454FB72003660400FDD81D /* Resources */ = {
			isa = PBXResourcesBuildPhase;
			buildActionMask = 2147483647;
			files = (
				4B454FC92003660400FDD81D /* LaunchScreen.storyboard in Resources */,
				4B454FC62003660400FDD81D /* Assets.xcassets in Resources */,
				4B454FC42003660400FDD81D /* Main.storyboard in Resources */,
			);
			runOnlyForDeploymentPostprocessing = 0;
		};
		4B454FCF2003660500FDD81D /* Resources */ = {
			isa = PBXResourcesBuildPhase;
			buildActionMask = 2147483647;
			files = (
			);
			runOnlyForDeploymentPostprocessing = 0;
		};
		4B454FDA2003660500FDD81D /* Resources */ = {
			isa = PBXResourcesBuildPhase;
			buildActionMask = 2147483647;
			files = (
			);
			runOnlyForDeploymentPostprocessing = 0;
		};
/* End PBXResourcesBuildPhase section */

/* Begin PBXShellScriptBuildPhase section */
		5D0BAD8DFC584A8EF52B0B8E /* [CP] Copy Pods Resources */ = {
			isa = PBXShellScriptBuildPhase;
			buildActionMask = 2147483647;
			files = (
			);
			inputPaths = (
			);
			name = "[CP] Copy Pods Resources";
			outputPaths = (
			);
			runOnlyForDeploymentPostprocessing = 0;
			shellPath = /bin/sh;
			shellScript = "\"${SRCROOT}/Pods/Target Support Files/Pods-RACDemoTest/Pods-RACDemoTest-resources.sh\"\n";
			showEnvVarsInLog = 0;
		};
		CA825131ADDA364265DB31F6 /* [CP] Check Pods Manifest.lock */ = {
			isa = PBXShellScriptBuildPhase;
			buildActionMask = 2147483647;
			files = (
			);
			inputPaths = (
				"${PODS_PODFILE_DIR_PATH}/Podfile.lock",
				"${PODS_ROOT}/Manifest.lock",
			);
			name = "[CP] Check Pods Manifest.lock";
			outputPaths = (
				"$(DERIVED_FILE_DIR)/Pods-RACDemoTest-checkManifestLockResult.txt",
			);
			runOnlyForDeploymentPostprocessing = 0;
			shellPath = /bin/sh;
			shellScript = "diff \"${PODS_PODFILE_DIR_PATH}/Podfile.lock\" \"${PODS_ROOT}/Manifest.lock\" > /dev/null\nif [ $? != 0 ] ; then\n    # print error to STDERR\n    echo \"error: The sandbox is not in sync with the Podfile.lock. Run 'pod install' or update your CocoaPods installation.\" >&2\n    exit 1\nfi\n# This output is used by Xcode 'outputs' to avoid re-running this script phase.\necho \"SUCCESS\" > \"${SCRIPT_OUTPUT_FILE_0}\"\n";
			showEnvVarsInLog = 0;
		};
		F522968D38C2969194FDAFB0 /* [CP] Embed Pods Frameworks */ = {
			isa = PBXShellScriptBuildPhase;
			buildActionMask = 2147483647;
			files = (
			);
			inputPaths = (
			);
			name = "[CP] Embed Pods Frameworks";
			outputPaths = (
			);
			runOnlyForDeploymentPostprocessing = 0;
			shellPath = /bin/sh;
			shellScript = "\"${SRCROOT}/Pods/Target Support Files/Pods-RACDemoTest/Pods-RACDemoTest-frameworks.sh\"\n";
			showEnvVarsInLog = 0;
		};
/* End PBXShellScriptBuildPhase section */

/* Begin PBXSourcesBuildPhase section */
		4B454FB52003660400FDD81D /* Sources */ = {
			isa = PBXSourcesBuildPhase;
			buildActionMask = 2147483647;
			files = (
				4B454FF32004642B00FDD81D /* SecondViewController.m in Sources */,
				4B454FC12003660400FDD81D /* ViewController.m in Sources */,
				4B454FCC2003660400FDD81D /* main.m in Sources */,
				4B454FBE2003660400FDD81D /* AppDelegate.m in Sources */,
				4B454FF020036C2B00FDD81D /* TestModel.m in Sources */,
				4B454FF62004A64200FDD81D /* FirstView.m in Sources */,
			);
			runOnlyForDeploymentPostprocessing = 0;
		};
		4B454FCD2003660500FDD81D /* Sources */ = {
			isa = PBXSourcesBuildPhase;
			buildActionMask = 2147483647;
			files = (
				4B454FD62003660500FDD81D /* RACDemoTestTests.m in Sources */,
			);
			runOnlyForDeploymentPostprocessing = 0;
		};
		4B454FD82003660500FDD81D /* Sources */ = {
			isa = PBXSourcesBuildPhase;
			buildActionMask = 2147483647;
			files = (
				4B454FE12003660500FDD81D /* RACDemoTestUITests.m in Sources */,
			);
			runOnlyForDeploymentPostprocessing = 0;
		};
/* End PBXSourcesBuildPhase section */

/* Begin PBXTargetDependency section */
		4B454FD32003660500FDD81D /* PBXTargetDependency */ = {
			isa = PBXTargetDependency;
			target = 4B454FB82003660400FDD81D /* RACDemoTest */;
			targetProxy = 4B454FD22003660500FDD81D /* PBXContainerItemProxy */;
		};
		4B454FDE2003660500FDD81D /* PBXTargetDependency */ = {
			isa = PBXTargetDependency;
			target = 4B454FB82003660400FDD81D /* RACDemoTest */;
			targetProxy = 4B454FDD2003660500FDD81D /* PBXContainerItemProxy */;
		};
/* End PBXTargetDependency section */

/* Begin PBXVariantGroup section */
		4B454FC22003660400FDD81D /* Main.storyboard */ = {
			isa = PBXVariantGroup;
			children = (
				4B454FC32003660400FDD81D /* Base */,
			);
			name = Main.storyboard;
			sourceTree = "<group>";
		};
		4B454FC72003660400FDD81D /* LaunchScreen.storyboard */ = {
			isa = PBXVariantGroup;
			children = (
				4B454FC82003660400FDD81D /* Base */,
			);
			name = LaunchScreen.storyboard;
			sourceTree = "<group>";
		};
/* End PBXVariantGroup section */

/* Begin XCBuildConfiguration section */
		4B454FE32003660500FDD81D /* Debug */ = {
			isa = XCBuildConfiguration;
			buildSettings = {
				ALWAYS_SEARCH_USER_PATHS = NO;
				CLANG_ANALYZER_NONNULL = YES;
				CLANG_ANALYZER_NUMBER_OBJECT_CONVERSION = YES_AGGRESSIVE;
				CLANG_CXX_LANGUAGE_STANDARD = "gnu++14";
				CLANG_CXX_LIBRARY = "libc++";
				CLANG_ENABLE_MODULES = YES;
				CLANG_ENABLE_OBJC_ARC = YES;
				CLANG_WARN_BLOCK_CAPTURE_AUTORELEASING = YES;
				CLANG_WARN_BOOL_CONVERSION = YES;
				CLANG_WARN_COMMA = YES;
				CLANG_WARN_CONSTANT_CONVERSION = YES;
				CLANG_WARN_DIRECT_OBJC_ISA_USAGE = YES_ERROR;
				CLANG_WARN_DOCUMENTATION_COMMENTS = YES;
				CLANG_WARN_EMPTY_BODY = YES;
				CLANG_WARN_ENUM_CONVERSION = YES;
				CLANG_WARN_INFINITE_RECURSION = YES;
				CLANG_WARN_INT_CONVERSION = YES;
				CLANG_WARN_NON_LITERAL_NULL_CONVERSION = YES;
				CLANG_WARN_OBJC_LITERAL_CONVERSION = YES;
				CLANG_WARN_OBJC_ROOT_CLASS = YES_ERROR;
				CLANG_WARN_RANGE_LOOP_ANALYSIS = YES;
				CLANG_WARN_STRICT_PROTOTYPES = YES;
				CLANG_WARN_SUSPICIOUS_MOVE = YES;
				CLANG_WARN_UNGUARDED_AVAILABILITY = YES_AGGRESSIVE;
				CLANG_WARN_UNREACHABLE_CODE = YES;
				CLANG_WARN__DUPLICATE_METHOD_MATCH = YES;
				CODE_SIGN_IDENTITY = "iPhone Developer";
				COPY_PHASE_STRIP = NO;
				DEBUG_INFORMATION_FORMAT = dwarf;
				ENABLE_STRICT_OBJC_MSGSEND = YES;
				ENABLE_TESTABILITY = YES;
				GCC_C_LANGUAGE_STANDARD = gnu11;
				GCC_DYNAMIC_NO_PIC = NO;
				GCC_NO_COMMON_BLOCKS = YES;
				GCC_OPTIMIZATION_LEVEL = 0;
				GCC_PREPROCESSOR_DEFINITIONS = (
					"DEBUG=1",
					"$(inherited)",
				);
				GCC_WARN_64_TO_32_BIT_CONVERSION = YES;
				GCC_WARN_ABOUT_RETURN_TYPE = YES_ERROR;
				GCC_WARN_UNDECLARED_SELECTOR = YES;
				GCC_WARN_UNINITIALIZED_AUTOS = YES_AGGRESSIVE;
				GCC_WARN_UNUSED_FUNCTION = YES;
				GCC_WARN_UNUSED_VARIABLE = YES;
				IPHONEOS_DEPLOYMENT_TARGET = 11.2;
				MTL_ENABLE_DEBUG_INFO = YES;
				ONLY_ACTIVE_ARCH = YES;
				SDKROOT = iphoneos;
			};
			name = Debug;
		};
		4B454FE42003660500FDD81D /* Release */ = {
			isa = XCBuildConfiguration;
			buildSettings = {
				ALWAYS_SEARCH_USER_PATHS = NO;
				CLANG_ANALYZER_NONNULL = YES;
				CLANG_ANALYZER_NUMBER_OBJECT_CONVERSION = YES_AGGRESSIVE;
				CLANG_CXX_LANGUAGE_STANDARD = "gnu++14";
				CLANG_CXX_LIBRARY = "libc++";
				CLANG_ENABLE_MODULES = YES;
				CLANG_ENABLE_OBJC_ARC = YES;
				CLANG_WARN_BLOCK_CAPTURE_AUTORELEASING = YES;
				CLANG_WARN_BOOL_CONVERSION = YES;
				CLANG_WARN_COMMA = YES;
				CLANG_WARN_CONSTANT_CONVERSION = YES;
				CLANG_WARN_DIRECT_OBJC_ISA_USAGE = YES_ERROR;
				CLANG_WARN_DOCUMENTATION_COMMENTS = YES;
				CLANG_WARN_EMPTY_BODY = YES;
				CLANG_WARN_ENUM_CONVERSION = YES;
				CLANG_WARN_INFINITE_RECURSION = YES;
				CLANG_WARN_INT_CONVERSION = YES;
				CLANG_WARN_NON_LITERAL_NULL_CONVERSION = YES;
				CLANG_WARN_OBJC_LITERAL_CONVERSION = YES;
				CLANG_WARN_OBJC_ROOT_CLASS = YES_ERROR;
				CLANG_WARN_RANGE_LOOP_ANALYSIS = YES;
				CLANG_WARN_STRICT_PROTOTYPES = YES;
				CLANG_WARN_SUSPICIOUS_MOVE = YES;
				CLANG_WARN_UNGUARDED_AVAILABILITY = YES_AGGRESSIVE;
				CLANG_WARN_UNREACHABLE_CODE = YES;
				CLANG_WARN__DUPLICATE_METHOD_MATCH = YES;
				CODE_SIGN_IDENTITY = "iPhone Developer";
				COPY_PHASE_STRIP = NO;
				DEBUG_INFORMATION_FORMAT = "dwarf-with-dsym";
				ENABLE_NS_ASSERTIONS = NO;
				ENABLE_STRICT_OBJC_MSGSEND = YES;
				GCC_C_LANGUAGE_STANDARD = gnu11;
				GCC_NO_COMMON_BLOCKS = YES;
				GCC_WARN_64_TO_32_BIT_CONVERSION = YES;
				GCC_WARN_ABOUT_RETURN_TYPE = YES_ERROR;
				GCC_WARN_UNDECLARED_SELECTOR = YES;
				GCC_WARN_UNINITIALIZED_AUTOS = YES_AGGRESSIVE;
				GCC_WARN_UNUSED_FUNCTION = YES;
				GCC_WARN_UNUSED_VARIABLE = YES;
				IPHONEOS_DEPLOYMENT_TARGET = 11.2;
				MTL_ENABLE_DEBUG_INFO = NO;
				SDKROOT = iphoneos;
				VALIDATE_PRODUCT = YES;
			};
			name = Release;
		};
		4B454FE62003660500FDD81D /* Debug */ = {
			isa = XCBuildConfiguration;
			baseConfigurationReference = B3A1577D549632F80C16535F /* Pods-RACDemoTest.debug.xcconfig */;
			buildSettings = {
				ASSETCATALOG_COMPILER_APPICON_NAME = AppIcon;
				CODE_SIGN_STYLE = Automatic;
				INFOPLIST_FILE = RACDemoTest/Info.plist;
				LD_RUNPATH_SEARCH_PATHS = "$(inherited) @executable_path/Frameworks";
				PRODUCT_BUNDLE_IDENTIFIER = XH.RACDemoTest;
				PRODUCT_NAME = "$(TARGET_NAME)";
				TARGETED_DEVICE_FAMILY = "1,2";
			};
			name = Debug;
		};
		4B454FE72003660500FDD81D /* Release */ = {
			isa = XCBuildConfiguration;
			baseConfigurationReference = F9927A3A085ACE7773FBB4DB /* Pods-RACDemoTest.release.xcconfig */;
			buildSettings = {
				ASSETCATALOG_COMPILER_APPICON_NAME = AppIcon;
				CODE_SIGN_STYLE = Automatic;
				INFOPLIST_FILE = RACDemoTest/Info.plist;
				LD_RUNPATH_SEARCH_PATHS = "$(inherited) @executable_path/Frameworks";
				PRODUCT_BUNDLE_IDENTIFIER = XH.RACDemoTest;
				PRODUCT_NAME = "$(TARGET_NAME)";
				TARGETED_DEVICE_FAMILY = "1,2";
			};
			name = Release;
		};
		4B454FE92003660500FDD81D /* Debug */ = {
			isa = XCBuildConfiguration;
			buildSettings = {
				BUNDLE_LOADER = "$(TEST_HOST)";
				CODE_SIGN_STYLE = Automatic;
				INFOPLIST_FILE = RACDemoTestTests/Info.plist;
				LD_RUNPATH_SEARCH_PATHS = "$(inherited) @executable_path/Frameworks @loader_path/Frameworks";
				PRODUCT_BUNDLE_IDENTIFIER = XH.RACDemoTestTests;
				PRODUCT_NAME = "$(TARGET_NAME)";
				TARGETED_DEVICE_FAMILY = "1,2";
				TEST_HOST = "$(BUILT_PRODUCTS_DIR)/RACDemoTest.app/RACDemoTest";
			};
			name = Debug;
		};
		4B454FEA2003660500FDD81D /* Release */ = {
			isa = XCBuildConfiguration;
			buildSettings = {
				BUNDLE_LOADER = "$(TEST_HOST)";
				CODE_SIGN_STYLE = Automatic;
				INFOPLIST_FILE = RACDemoTestTests/Info.plist;
				LD_RUNPATH_SEARCH_PATHS = "$(inherited) @executable_path/Frameworks @loader_path/Frameworks";
				PRODUCT_BUNDLE_IDENTIFIER = XH.RACDemoTestTests;
				PRODUCT_NAME = "$(TARGET_NAME)";
				TARGETED_DEVICE_FAMILY = "1,2";
				TEST_HOST = "$(BUILT_PRODUCTS_DIR)/RACDemoTest.app/RACDemoTest";
			};
			name = Release;
		};
		4B454FEC2003660500FDD81D /* Debug */ = {
			isa = XCBuildConfiguration;
			buildSettings = {
				CODE_SIGN_STYLE = Automatic;
				INFOPLIST_FILE = RACDemoTestUITests/Info.plist;
				LD_RUNPATH_SEARCH_PATHS = "$(inherited) @executable_path/Frameworks @loader_path/Frameworks";
				PRODUCT_BUNDLE_IDENTIFIER = XH.RACDemoTestUITests;
				PRODUCT_NAME = "$(TARGET_NAME)";
				TARGETED_DEVICE_FAMILY = "1,2";
				TEST_TARGET_NAME = RACDemoTest;
			};
			name = Debug;
		};
		4B454FED2003660500FDD81D /* Release */ = {
			isa = XCBuildConfiguration;
			buildSettings = {
				CODE_SIGN_STYLE = Automatic;
				INFOPLIST_FILE = RACDemoTestUITests/Info.plist;
				LD_RUNPATH_SEARCH_PATHS = "$(inherited) @executable_path/Frameworks @loader_path/Frameworks";
				PRODUCT_BUNDLE_IDENTIFIER = XH.RACDemoTestUITests;
				PRODUCT_NAME = "$(TARGET_NAME)";
				TARGETED_DEVICE_FAMILY = "1,2";
				TEST_TARGET_NAME = RACDemoTest;
			};
			name = Release;
		};
/* End XCBuildConfiguration section */

/* Begin XCConfigurationList section */
		4B454FB42003660400FDD81D /* Build configuration list for PBXProject "RACDemoTest" */ = {
			isa = XCConfigurationList;
			buildConfigurations = (
				4B454FE32003660500FDD81D /* Debug */,
				4B454FE42003660500FDD81D /* Release */,
			);
			defaultConfigurationIsVisible = 0;
			defaultConfigurationName = Release;
		};
		4B454FE52003660500FDD81D /* Build configuration list for PBXNativeTarget "RACDemoTest" */ = {
			isa = XCConfigurationList;
			buildConfigurations = (
				4B454FE62003660500FDD81D /* Debug */,
				4B454FE72003660500FDD81D /* Release */,
			);
			defaultConfigurationIsVisible = 0;
			defaultConfigurationName = Release;
		};
		4B454FE82003660500FDD81D /* Build configuration list for PBXNativeTarget "RACDemoTestTests" */ = {
			isa = XCConfigurationList;
			buildConfigurations = (
				4B454FE92003660500FDD81D /* Debug */,
				4B454FEA2003660500FDD81D /* Release */,
			);
			defaultConfigurationIsVisible = 0;
			defaultConfigurationName = Release;
		};
		4B454FEB2003660500FDD81D /* Build configuration list for PBXNativeTarget "RACDemoTestUITests" */ = {
			isa = XCConfigurationList;
			buildConfigurations = (
				4B454FEC2003660500FDD81D /* Debug */,
				4B454FED2003660500FDD81D /* Release */,
			);
			defaultConfigurationIsVisible = 0;
			defaultConfigurationName = Release;
		};
/* End XCConfigurationList section */
	};
	rootObject = 4B454FB12003660400FDD81D /* Project object */;
}
